lockfileVersion: '9.0'

settings:
  autoInstallPeers: true
  excludeLinksFromLockfile: false

importers:

  .:
    dependencies:
      '@opencode-ai/plugin':
        specifier: ^1.3.3
        version: 1.3.3
      '@opencode-ai/sdk':
        specifier: ^1.3.3
        version: 1.3.3
      '@ts-type/is-array':
        specifier: ^1.0.14
        version: 1.0.14(ts-toolbelt@9.6.0)
      '@yarn-tool/npa-to-deps':
        specifier: ^3.0.5
        version: 3.0.5(ts-toolbelt@9.6.0)
      debug-color2:
        specifier: ^1.3.2
        version: 1.3.2(@types/bluebird@3.5.42)(@types/node@25.5.0)(debug@4.4.3)(ts-toolbelt@9.6.0)
      deepmerge-plus:
        specifier: ^4.0.1
        version: 4.0.1(ts-toolbelt@9.6.0)
      fs-extra:
        specifier: ^11.3.4
        version: 11.3.4
      jsonc-parser:
        specifier: ^3.3.1
        version: 3.3.1
      micromatch:
        specifier: ^4.0.8
        version: 4.0.8
      path-in-dir:
        specifier: ^1.0.13
        version: 1.0.13(ts-toolbelt@9.6.0)
      path-is-same:
        specifier: ^1.0.29
        version: 1.0.29(ts-toolbelt@9.6.0)
      ts-type:
        specifier: ^3.0.12
        version: 3.0.12(ts-toolbelt@9.6.0)
      ts-type-object-entries:
        specifier: ^1.0.10
        version: 1.0.10
      ts-type-predicates:
        specifier: ^1.0.13
        version: 1.0.13
      upath2:
        specifier: ^3.1.23
        version: 3.1.23(ts-toolbelt@9.6.0)
      zod:
        specifier: ^4.3.6
        version: 4.3.6
    devDependencies:
      '@bluelovers/tsconfig':
        specifier: ^2.0.2
        version: 2.0.2
      '@types/bun':
        specifier: ^1.3.11
        version: 1.3.11
      '@types/fs-extra':
        specifier: ^11.0.4
        version: 11.0.4
      '@types/node':
        specifier: ^25.5.0
        version: 25.5.0
      '@yarn-tool/require-resolve':
        specifier: ^4.0.6
        version: 4.0.6(ts-toolbelt@9.6.0)
      '@yarn-tool/ws-find-up-paths':
        specifier: ^1.0.19
        version: 1.0.19(ts-toolbelt@9.6.0)
      bun:
        specifier: 1.3.11
        version: 1.3.11
      bun-types:
        specifier: ^1.3.11
        version: 1.3.11
      cross-env:
        specifier: ^10.1.0
        version: 10.1.0
      tslib:
        specifier: ^2.8.1
        version: 2.8.1
      typescript:
        specifier: ^6.0.2
        version: 6.0.2

packages:

  '@bluelovers/tsconfig@2.0.2':
    resolution: {integrity: sha512-/toINdGR/7C4/wPyHOXzNpSVEzryPjkJcz+7D+Oir7NfhByZxUEUWbTFpJGodqft915QH/vp5byDBVtHIrOz0Q==}

  '@epic-web/invariant@1.0.0':
    resolution: {integrity: sha512-lrTPqgvfFQtR/eY/qkIzp98OGdNJu0m5ji3q/nJI8v3SXkRKEnWiOxMmbvcSoAIzv/cGiuvRy57k4suKQSAdwA==}

  '@lazy-array/util-unique@1.0.7':
    resolution: {integrity: sha512-Qd3yR/Zpd+r7XvyTTjS11U2cNr5xLKttBlC2O2bMpugbxPK9vNE/Wo1zIQc59cIK9ksygCJB2PJZ2TrOjvS9Mw==}

  '@lazy-node/semver-simple-parse@4.0.5':
    resolution: {integrity: sha512-PZZEx77EOQhU9yT/Xfm+zQvZEQjn3Ztb6TQDXVGDHzVotN4+hfCuHj7T3jogYV+wnP4Ebtt6QA8t4YyzzzO6wA==}

  '@lazy-node/types-path@1.0.3':
    resolution: {integrity: sha512-5Bnl5s5jh7o14i0oa7gj+Y0fDLIlri3+KVZmv4gk0OFGuOrOEmWBBCI9ky3Syip5g/yPHZdfa+WO5BVJMUpMdw==}

  '@opencode-ai/plugin@1.3.3':
    resolution: {integrity: sha512-pxI4LanjnQb8sUd/zfQilzlGHyrdjmZuQ1XsUFbm+rij4yq0mUPtXcPGfuZJBEcGchKn57tA3/LB6RmipLQpXg==}

  '@opencode-ai/sdk@1.3.3':
    resolution: {integrity: sha512-qg7DwEVUpZArsYajs0DcaHqmIYB3EfHCuuTdMJir7Yc976DUWDfLR/5y9h8fKb9HAMJXe4TZkAIEr0/3OmK67g==}

  '@oven/bun-darwin-aarch64@1.3.11':
    resolution: {integrity: sha512-/8IzqSu4/OWGRs7Fs2ROzGVwJMFTBQkgAp6sAthkBYoN7OiM4rY/CpPVs2X9w9N1W61CHSkEdNKi8HrLZKfK3g==}
    cpu: [arm64]
    os: [darwin]

  '@oven/bun-darwin-x64-baseline@1.3.11':
    resolution: {integrity: sha512-CYjIHWaQG7T4phfjErHr6BiXRs0K/9DqMeiohJmuYSBF+H2m56vFslOenLCguGYQL9jeiiCZBeoVCpwjxZrMgQ==}
    cpu: [x64]
    os: [darwin]

  '@oven/bun-darwin-x64@1.3.11':
    resolution: {integrity: sha512-TT7eUihnAzxM2tlZesusuC75PAOYKvUBgVU/Nm/lakZ/DpyuqhNkzUfcxSgmmK9IjVWzMmezLIGZl16XGCGJng==}
    cpu: [x64]
    os: [darwin]

  '@oven/bun-linux-aarch64-musl@1.3.11':
    resolution: {integrity: sha512-jBwYCLG5Eb+PqtFrc3Wp2WMYlw1Id75gUcsdP+ApCOpf5oQhHxkFWCjZmcDoioDmEhMWAiM3wtwSrTlPg+sI6Q==}
    cpu: [arm64]
    os: [linux]

  '@oven/bun-linux-aarch64@1.3.11':
    resolution: {integrity: sha512-8XMLyRNxHF4jfLajkWt+F8UDxsWbzysyxQVMZKUXwoeGvaxB0rVd07r3YbgDtG8U6khhRFM3oaGp+CQ0whwmdA==}
    cpu: [arm64]
    os: [linux]

  '@oven/bun-linux-x64-baseline@1.3.11':
    resolution: {integrity: sha512-KZlf1jKtf4jai8xiQv/0XRjxVVhHnw/HtUKtLdOeQpTOQ1fQFhLoz2FGGtVRd0LVa/yiRbSz9HlWIzWlmJClng==}
    cpu: [x64]
    os: [linux]

  '@oven/bun-linux-x64-musl-baseline@1.3.11':
    resolution: {integrity: sha512-J+qz4Al05PrNIOdj7xsWVTyx0c/gjUauG5nKV3Rrx0Q+5JO+1pPVlnfNmWbOF9pKG4f3IGad8KXJUfGMORld+Q==}
    cpu: [x64]
    os: [linux]

  '@oven/bun-linux-x64-musl@1.3.11':
    resolution: {integrity: sha512-ADImD4yCHNpqZu718E2chWcCaAHvua90yhmpzzV6fF4zOhwkGGbPCgUWmKyJ83uz+DXaPdYxX0ttDvtolrzx3Q==}
    cpu: [x64]
    os: [linux]

  '@oven/bun-linux-x64@1.3.11':
    resolution: {integrity: sha512-z3GFCk1UBzDOOiEBHL32lVP7Edi26BhOjKb6bIc0nRyabbRiyON4++GR0zmd/H5zM5S0+UcXFgCGnD+b8avTLw==}
    cpu: [x64]
    os: [linux]

  '@oven/bun-windows-aarch64@1.3.11':
    resolution: {integrity: sha512-UOdkwScHRkGPz+n9ZJU7sTkTvqV7rD1SLCLaru1xH8WRsV7tDorPqNCzEN1msOIiPRK825nvAtEm9UsomO1GsA==}
    cpu: [arm64]
    os: [win32]

  '@oven/bun-windows-x64-baseline@1.3.11':
    resolution: {integrity: sha512-cCsXK9AQ9Zf18QlVnbrFu2IKfr4sf2sfbErkF2jfCzyCO9Bnhl0KRx63zlN+Ni1xU7gcBLAssgcui5R400N2eA==}
    cpu: [x64]
    os: [win32]

  '@oven/bun-windows-x64@1.3.11':
    resolution: {integrity: sha512-E51tyWDP1l0CbjZYhiUxhDGPaY8Hf5YBREx0PHBff1LM1/q3qsJ6ZvRUa8YbbOO0Ax9QP6GHjD9vf3n6bXZ7QA==}
    cpu: [x64]
    os: [win32]

  '@ts-type/is-array@1.0.14':
    resolution: {integrity: sha512-SgbNR4DeD9j85lo+z/ZAUXIZmXT4etmwMedEpx7bYZpbOz1w26vafjWfitHyEKX1c7WYNwqMg2hZN5qRWorY8w==}

  '@ts-type/package-dts@3.0.7':
    resolution: {integrity: sha512-WZN3uh9iAQus1TMleV9I98n4r+vkqVftrlJY/zAMV9eWF9qgtdTLIrmN4RzDyDJVTX8vK7ilSQ0HsL9dSISbzA==}

  '@types/bluebird@3.5.42':
    resolution: {integrity: sha512-Jhy+MWRlro6UjVi578V/4ZGNfeCOcNCp0YaFNIUGFKlImowqwb1O/22wDVk3FDGMLqxdpOV3qQHD5fPEH4hK6A==}

  '@types/bun@1.3.11':
    resolution: {integrity: sha512-5vPne5QvtpjGpsGYXiFyycfpDF2ECyPcTSsFBMa0fraoxiQyMJ3SmuQIGhzPg2WJuWxVBoxWJ2kClYTcw/4fAg==}

  '@types/fs-extra@11.0.4':
    resolution: {integrity: sha512-yTbItCNreRooED33qjunPthRcSjERP1r4MqCZc7wv0u2sUkzTFp45tgUfS5+r7FrZPdmCCNflLhVSP/o+SemsQ==}

  '@types/jsonfile@6.1.4':
    resolution: {integrity: sha512-D5qGUYwjvnNNextdU59/+fI+spnwtTFmyQP0h+PfIOSkNfpU6AOICUOkm4i0OnSk+NyjdPJrxCDro0sJsWlRpQ==}

  '@types/luxon@3.7.1':
    resolution: {integrity: sha512-H3iskjFIAn5SlJU7OuxUmTEpebK6TKB8rxZShDslBMZJ5u9S//KM1sbdAisiSrqwLQncVjnpi2OK2J51h+4lsg==}

  '@types/node@25.5.0':
    resolution: {integrity: sha512-jp2P3tQMSxWugkCUKLRPVUpGaL5MVFwF8RDuSRztfwgN1wmqJeMSbKlnEtQqU8UrhTmzEmZdu2I6v2dpp7XIxw==}

  '@types/npm-package-arg@6.1.4':
    resolution: {integrity: sha512-vDgdbMy2QXHnAruzlv68pUtXCjmqUk3WrBAsRboRovsOmxbfn/WiYCjmecyKjGztnMps5dWp4Uq2prp+Ilo17Q==}

  '@types/semver@7.7.1':
    resolution: {integrity: sha512-FmgJfu+MOcQ370SD0ev7EI8TlCAfKYU+B4m5T3yXc1CiRN94g/SZPtsCkk506aUDtlMnFZvasDwHHUcZUEaYuA==}

  '@yarn-tool/find-root@2.0.21':
    resolution: {integrity: sha512-yRicqv6aKtmJaIPlx2U0zq/+IjuPfrF73Chx2QzCqKysukWLKi5KJQrIXrircqX9xYzHbZoSuaBnFX7RsLTDmQ==}

  '@yarn-tool/fnm-detect@1.0.5':
    resolution: {integrity: sha512-pdfJqHJ1ByTRgliaMVcdAB6Lh37OI17N60+lY2jCdvJ7gbIC4dfBUctIKyJQIYlIfmRgSFpzMit5Jz4RdoD0Hw==}

  '@yarn-tool/get-global-dirs@1.0.4':
    resolution: {integrity: sha512-JSj7dAYAqbAJum7/OgE5qmYsBeXuI/Mu5+LJ5l42k0+4Q9Yab7Sc85hxGu/DHJGIiHyNbdwzef01CFTRbu4n7g==}

  '@yarn-tool/get-paths-by-type@2.0.16':
    resolution: {integrity: sha512-T5f4Af0wu0TYLbCAVUjlHVU1OR21PAhJtTfPEApgqc9HoUsvb1uc3JlBx0FVxTsp16eU2fSYnb2FRgEHM7bUSg==}

  '@yarn-tool/npa-to-deps@3.0.5':
    resolution: {integrity: sha512-mGjshHWNBLjcu9VpqOQz2Mor7Yq21oEWxiuHNeFe1UMf5l+ZQxGWKx4QHj64D2K+4wJwOCrMkz2u0umCiRb3gA==}

  '@yarn-tool/npm-package-arg-util@2.0.5':
    resolution: {integrity: sha512-bE/pikNEnErLnuu2A6QM1qMmnUH1scHhD5Fbn/jj3P1RPIBvifzzaUA+aQg5EMo46VNIHJzhcuWjKtCngHXPwA==}
    engines: {node: '>=16.14.0'}

  '@yarn-tool/pkg-name-util@1.0.10':
    resolution: {integrity: sha512-OxOZ9liI4UDj4E5teWppQmyGjsrKo1VnKv7BzFWdHSsVJvwlFy4zFKMZNNbr9MyFHygnvqi1rBgCYQnLgWH3RA==}

  '@yarn-tool/require-resolve@4.0.6':
    resolution: {integrity: sha512-6e584FNf0NVvI+2lthZWoSHq76AmrvEWCE7Sa2GixAth9BuGRG96v/pGEweJnlvjGqy5OMjOGDInZhoxw5+CMQ==}

  '@yarn-tool/ws-find-up-paths@1.0.19':
    resolution: {integrity: sha512-do0XHGNJYhary5FE5DqwOPGifcK3wSPQ91PAqixhV8CjGUMn0BE0Fhkbou+xoS5HyJVk8d/k332aH3LE2/7/6g==}

  ansi-styles@3.2.1:
    resolution: {integrity: sha512-VT0ZI6kZRdTh8YyJw3SMbYm/u+NqfsAxEpWO0Pf9sq8/e94WxxOpPKx9FR1FlyCtOVDNOQ+8ntlqFxiRc+r5qA==}
    engines: {node: '>=4'}

  braces@3.0.3:
    resolution: {integrity: sha512-yQbXgO/OSZVD2IsiLlro+7Hf6Q18EJrKSEsdoMzKePKXct3gvD8oLcOQdIzGupr5Fj+EDe8gO/lxc1BzfMpxvA==}
    engines: {node: '>=8'}

  bun-types@1.3.11:
    resolution: {integrity: sha512-1KGPpoxQWl9f6wcZh57LvrPIInQMn2TQ7jsgxqpRzg+l0QPOFvJVH7HmvHo/AiPgwXy+/Thf6Ov3EdVn1vOabg==}

  bun@1.3.11:
    resolution: {integrity: sha512-AvXWYFO6j/ZQ7bhGm4X6eilq2JHsDVC90ZM32k2B7/srhC2gs3Sdki1QTbwrdRCo8o7eT+167vcB1yzOvPdbjA==}
    cpu: [arm64, x64]
    os: [darwin, linux, win32]
    hasBin: true

  chalk@2.4.2:
    resolution: {integrity: sha512-Mti+f9lpJNcwF4tWV8/OrTTtF1gZi+f8FqlyAdouralcFWFQWF2+NgCHShjkCb+IFBLq9buZwE1xckQU4peSuQ==}
    engines: {node: '>=4'}

  color-convert@1.9.3:
    resolution: {integrity: sha512-QfAUtd+vFdAtFQcC8CCyYt1fYWxSqAiK2cSD6zDB8N3cpsEBAvRxp9zOGg6G/SHHJYAT88/az/IuDGALsNVbGg==}

  color-name@1.1.3:
    resolution: {integrity: sha512-72fSenhMw2HZMTVHeCA9KCmpEIbzWiQsjN+BHcBbS9vr1mtt+vJjPdksIBNUmKAW8TFUDPJK5SUU3QhE9NEXDw==}

  cross-env@10.1.0:
    resolution: {integrity: sha512-GsYosgnACZTADcmEyJctkJIoqAhHjttw7RsFrVoJNXbsWWqaq6Ym+7kZjq6mS45O0jij6vtiReppKQEtqWy6Dw==}
    engines: {node: '>=20'}
    hasBin: true

  cross-spawn@7.0.6:
    resolution: {integrity: sha512-uV2QOWP2nWzsy2aMp8aRibhi9dlzF5Hgh5SHaB9OiTGEyDTiJJyx0uy51QXdyWbtAHNua4XJzUKca3OzKUd3vA==}
    engines: {node: '>= 8'}

  debug-color2@1.3.2:
    resolution: {integrity: sha512-EJne5VbcAu8xG+m7s/7f9I0XDCEr8jzDSgJujlTTkpeF6nM27IrTrD8GllhgEjtRgk+ye7YTow8rwksfPPNQPA==}
    peerDependencies:
      debug: ^4.3.4

  debug@4.4.3:
    resolution: {integrity: sha512-RGwwWnwQvkVfavKVt22FGLw+xYSdzARwm0ru6DhTVA3umU5hZc28V3kO4stgYryrTlLpuvgI9GiijltAjNbcqA==}
    engines: {node: '>=6.0'}
    peerDependencies:
      supports-color: '*'
    peerDependenciesMeta:
      supports-color:
        optional: true

  deepmerge-plus@4.0.1:
    resolution: {integrity: sha512-S41Cdwgdn8l/KrnFBAFW+GbN1Du9atXIW0mLa9xDAngGeOl/ktpauO790sAGzdh8RTp/ThrBNFzHtmQ/kLVpCQ==}

  env-bool@2.0.1:
    resolution: {integrity: sha512-+CaEpgdJ2S0Bnknj6/YkJkqFQdv7a+cE/UfO24BTFa6FiQV7SfNl10+h3vRSblH6+WRizKQjdiZ9rRlN8thaQg==}

  err-code@3.0.1:
    resolution: {integrity: sha512-GiaH0KJUewYok+eeY05IIgjtAe4Yltygk9Wqp1V5yVWLdhf0hYZchRjNIT9bb0mSwRcIusT3cx7PJUf3zEIfUA==}

  escape-string-regexp@1.0.5:
    resolution: {integrity: sha512-vbRorB5FUQWvla16U8R/qgaFIya2qGzwDrNmCZuYKrbdSUMG6I1ZCGQRefkRVhuOkIGVne7BQ35DSfo1qvJqFg==}
    engines: {node: '>=0.8.0'}

  fill-range@7.1.1:
    resolution: {integrity: sha512-YsGpe3WHLK8ZYi4tWDg2Jy3ebRz2rXowDxnld4bkQB00cc/1Zw9AWnC0i9ztDJitivtQvaI9KaLyKrc+hBW0yg==}
    engines: {node: '>=8'}

  find-up-paths@1.0.20:
    resolution: {integrity: sha512-zTuta8Xfr4b5tFwUjhlNV0D4eft4xryf+kjuXkbvRrnO7BWqiZdz0jXIX64ANhq5d1rhNJs6i0qzVkM5DoLZtw==}

  find-up@5.0.0:
    resolution: {integrity: sha512-78/PXT1wlLLDgTzDs7sjq9hzz0vXD+zn+7wypEe4fXQxCmdmqfGsEPQxmiCSQI3ajFV91bVSsvNtrJRiW6nGng==}
    engines: {node: '>=10'}

  find-yarn-workspace-root2@1.2.53:
    resolution: {integrity: sha512-0P66/qSVapUMgxLt0BwnKQ2VEg7uR/PIX82y/YuKOf8oHK437uq3OcMUdB4NGDJrCZ2is6jME0yZcV9nAM0RoQ==}

  fs-extra@11.3.4:
    resolution: {integrity: sha512-CTXd6rk/M3/ULNQj8FBqBWHYBVYybQ3VPBw0xGKFe3tuH7ytT6ACnvzpIQ3UZtB8yvUKC2cXn1a+x+5EVQLovA==}
    engines: {node: '>=14.14'}

  fs-stat@1.0.29:
    resolution: {integrity: sha512-o5UR4iPSeP3yHv5W+me1yFZdNe0Z9xfI4lJOwL8eB3/EnHD5HqHUqRbtaAW/yggQHXX4RC7D8i/pW7UWEU3JMw==}

  graceful-fs@4.2.11:
    resolution: {integrity: sha512-RbJ5/jmFcNNCcDV5o9eTnBLJ/HszWV0P73bc+Ff4nS/rJj+YaS6IGyiOL0VoBYX+l1Wrl3k63h/KrH+nhJ0XvQ==}

  has-flag@3.0.0:
    resolution: {integrity: sha512-sKJf1+ceQBr4SMkvQnBDNDtf4TXpVhVGateu0t918bl30FnbE2m4vNLX+VWe/dpjlb+HugGYzW7uQXH98HPEYw==}
    engines: {node: '>=4'}

  hosted-git-info@9.0.2:
    resolution: {integrity: sha512-M422h7o/BR3rmCQ8UHi7cyyMqKltdP9Uo+J2fXK+RSAY+wTcKOIRyhTuKv4qn+DJf3g+PL890AzId5KZpX+CBg==}
    engines: {node: ^20.17.0 || >=22.9.0}

  ini@6.0.0:
    resolution: {integrity: sha512-IBTdIkzZNOpqm7q3dRqJvMaldXjDHWkEDfrwGEQTs5eaQMWV+djAhR+wahyNNMAa+qpbDUhBMVt4ZKNwpPm7xQ==}
    engines: {node: ^20.17.0 || >=22.9.0}

  is-mergeable-object@1.1.1:
    resolution: {integrity: sha512-CPduJfuGg8h8vW74WOxHtHmtQutyQBzR+3MjQ6iDHIYdbOnm1YC7jv43SqCoU8OPGTJD4nibmiryA4kmogbGrA==}

  is-number@7.0.0:
    resolution: {integrity: sha512-41Cifkg6e8TylSpdtTpeLVMqvSBEVzTttHvERD741+pnZ8ANv0004MRL43QKPDlK9cGvNp6NZWZUBlbGXYxxng==}
    engines: {node: '>=0.12.0'}

  isexe@2.0.0:
    resolution: {integrity: sha512-RHxMLp9lnKHGHRng9QFhRCMbYAcVpn69smSGcq3f36xjgVVWThj4qqLbTLlq7Ssj8B+fIQ1EuCEGI2lKsyQeIw==}

  jsonc-parser@3.3.1:
    resolution: {integrity: sha512-HUgH65KyejrUFPvHFPbqOY0rsFip3Bo5wb4ngvdi1EpCYWUQDC5V+Y7mZws+DLkr4M//zQJoanu1SP+87Dv1oQ==}

  jsonfile@6.2.0:
    resolution: {integrity: sha512-FGuPw30AdOIUTRMC2OMRtQV+jkVj2cfPqSeWXv1NEAJ1qZ5zb1X6z1mFhbfOB/iy3ssJCD+3KuZ8r8C3uVFlAg==}

  locate-path@6.0.0:
    resolution: {integrity: sha512-iPZK6eYjbxRu3uB4/WZ3EsEIMJFMqAoopl3R+zuq0UjcAm/MO6KCweDgPfP3elTztoKP3KtnVHxTn2NHBSDVUw==}
    engines: {node: '>=10'}

  lru-cache@11.2.7:
    resolution: {integrity: sha512-aY/R+aEsRelme17KGQa/1ZSIpLpNYYrhcrepKTZgE+W3WM16YMCaPwOHLHsmopZHELU0Ojin1lPVxKR0MihncA==}
    engines: {node: 20 || >=22}

  luxon@3.7.2:
    resolution: {integrity: sha512-vtEhXh/gNjI9Yg1u4jX/0YVPMvxzHuGgCm6tC5kZyb08yjGWGnqAjGJvcXbqQR2P3MyMEFnRbpcdFS6PBcLqew==}
    engines: {node: '>=12'}

  micromatch@4.0.8:
    resolution: {integrity: sha512-PXwfBhYu0hBCPw8Dn0E+WDYb7af3dSLVWKi3HGv84IdF4TyFoC0ysxFd0Goxw7nSv4T/PzEJQxsYsEiFCKo2BA==}
    engines: {node: '>=8.6'}

  ms@2.1.3:
    resolution: {integrity: sha512-6FlzubTLZG3J2a/NVCAleEhjzq5oxgHyaCU9yYXvcLsvoVaHJq/s5xXI6/XXP6tz7R9xAOtHnSO/tXtF3WRTlA==}

  npm-package-arg@13.0.2:
    resolution: {integrity: sha512-IciCE3SY3uE84Ld8WZU23gAPPV9rIYod4F+rc+vJ7h7cwAJt9Vk6TVsK60ry7Uj3SRS3bqRRIGuTp9YVlk6WNA==}
    engines: {node: ^20.17.0 || >=22.9.0}

  p-limit@3.1.0:
    resolution: {integrity: sha512-TYOanM3wGwNGsZN2cVTYPArw454xnXj5qmWF1bEoAc4+cU/ol7GVh7odevjp1FNHduHc3KZMcFduxU5Xc6uJRQ==}
    engines: {node: '>=10'}

  p-locate@5.0.0:
    resolution: {integrity: sha512-LaNjtRWUBY++zB5nE/NwcaoMylSPk+S+ZHNB1TzdbMJMny6dynpAGt7X/tl/QYq3TIeE6nxHppbo2LGymrG5Pw==}
    engines: {node: '>=10'}

  path-dir-normalize@1.0.33:
    resolution: {integrity: sha512-8HNC9fS2147pny860Dzx0sMqJqpMbQrDJUDJJNllEUPgiwyfKo9NdvyH0UCQeSkdqOD5ZBtyXF2H218QyknbZg==}

  path-exists@4.0.0:
    resolution: {integrity: sha512-ak9Qy5Q7jYb2Wwcey5Fpvg2KoAc/ZIhLSLOSBmRmygPsGwkVVt0fZa0qrtMz+m6tJTAHfZQ8FnmB4MG4LWy7/w==}
    engines: {node: '>=8'}

  path-in-dir@1.0.13:
    resolution: {integrity: sha512-Y99FHpvnDGbfmnWVsWl2WQRkUIJCGjg06fRCzz50Oy+k6IIAWz2zOtvAvroCBYPOC4aVTW2OOV2Kk0j+paECyg==}

  path-is-network-drive@1.0.24:
    resolution: {integrity: sha512-sux7NWiMq/ul8EEQTQbdM1m/zr+Rrq11/P9tEBgxMgTnVHS8f54tQm0kfrTxkvPNg/OVkRjHNgSia5VxnawOZg==}

  path-is-same@1.0.29:
    resolution: {integrity: sha512-9YQfgkPIbiEC24XhFjILOp2BvqXMFfgu5up9MdHNUQFnPVG31BzTiPv4O8bv4DCnpPg8pHXVpPkfopnAcvHoFw==}

  path-key@3.1.1:
    resolution: {integrity: sha512-ojmeN0qd+y0jszEtoY48r0Peq5dwMEkIlCOu6Q5f41lfkswXuKtYrhgoTpLnyIcHm24Uhqx+5Tqm2InSwLhE6Q==}
    engines: {node: '>=8'}

  path-parents@1.0.36:
    resolution: {integrity: sha512-i3vJxaSsfsd9D8FTjs5TepXEhNYcKp/FxBhCx5UeiEJzwLlPVPZ/Ie7qzcRNuvSfX5CJ+2W9QVbyJDgUIbAFHA==}

  path-strip-sep@1.0.21:
    resolution: {integrity: sha512-V5Lvyhx0fE6/wEk/YseTtoRQIaD32cepnzrQ1b3kOzOxxDoSglry8IZ1b6LPObIeIbpC0+i9ygUsBNhkOttQKw==}

  picomatch@2.3.1:
    resolution: {integrity: sha512-JU3teHTNjmE2VCGFzuY8EXzCDVwEqB2a8fsIvwaStHhAWJEeVd1o1QD80CU6+ZdEXXSLbSsuLwJjkCBWqRQUVA==}
    engines: {node: '>=8.6'}

  pkg-dir@5.0.0:
    resolution: {integrity: sha512-NPE8TDbzl/3YQYY7CSS228s3g2ollTFnc+Qi3tqmqJp9Vg2ovUpixcJEo2HJScN2Ez+kEaal6y70c0ehqJBJeA==}
    engines: {node: '>=10'}

  proc-log@6.1.0:
    resolution: {integrity: sha512-iG+GYldRf2BQ0UDUAd6JQ/RwzaQy6mXmsk/IzlYyal4A4SNFw54MeH4/tLkF4I5WoWG9SQwuqWzS99jaFQHBuQ==}
    engines: {node: ^20.17.0 || >=22.9.0}

  semver@7.7.4:
    resolution: {integrity: sha512-vFKC2IEtQnVhpT78h1Yp8wzwrf8CM+MzKMHGJZfBtzhZNycRFnXsHk6E5TxIkkMsgNS7mdX3AGB7x2QM2di4lA==}
    engines: {node: '>=10'}
    hasBin: true

  shebang-command@2.0.0:
    resolution: {integrity: sha512-kHxr2zZpYtdmrN1qDjrrX/Z1rR1kG8Dx+gkpK1G4eXmvXswmcE1hTWBWYUzlraYw1/yZp6YuDY77YtvbN0dmDA==}
    engines: {node: '>=8'}

  shebang-regex@3.0.0:
    resolution: {integrity: sha512-7++dFhtcx3353uBaq8DDR4NuxBetBzC7ZQOhmTQInHEd6bSrXdiEyzCvG07Z44UYdLShWUyXt5M/yhz8ekcb1A==}
    engines: {node: '>=8'}

  sort-object-keys2@3.0.8:
    resolution: {integrity: sha512-48gnNhe7RvUc6PNFI3IHfAxoqWzSCqmOat2VlTYnvf6QZU7hmiOa4FTnDt9wmq9NiWtLSla+0P2r0LHC8N213A==}

  supports-color@5.5.0:
    resolution: {integrity: sha512-QjVjwdXIt408MIiAqCX4oUKsgU2EqAGzs2Ppkm4aQYbjm+ZEWEcW4SfFNTr4uMNZma0ey4f5lgLrkB0aX0QMow==}
    engines: {node: '>=4'}

  to-regex-range@5.0.1:
    resolution: {integrity: sha512-65P7iz6X5yEr1cwcgvQxbbIw7Uk3gOy5dIdtZ4rDveLqhrdJP+Li/Hx6tyK0NEb+2GCyneCMJiGqrADCSNk8sQ==}
    engines: {node: '>=8.0'}

  ts-toolbelt@9.6.0:
    resolution: {integrity: sha512-nsZd8ZeNUzukXPlJmTBwUAuABDe/9qtVDelJeT/qW0ow3ZS3BsQJtNkan1802aM9Uf68/Y8ljw86Hu0h5IUW3w==}

  ts-type-object-entries@1.0.10:
    resolution: {integrity: sha512-kBt1JerYvEMA8WuWFga7AQNNpacKZ+Uh9daaukQqsHNXzPXTuciSkxoiDM4X6ov7zKc8KF2+CLompLWfUF2l/w==}

  ts-type-predicates@1.0.13:
    resolution: {integrity: sha512-ll2f/4RCJEyP1b6XIdciZKi27h7RcHfBF0USvo1sBXzP9+3WsAX6E8blC+OkPRFQ20pySApjsfM8zMBvS2idfg==}

  ts-type@2.1.10:
    resolution: {integrity: sha512-cung450P5HbC+xTimzw8DcFqP4MjxH3aCt2m6IZMs0aMatEOIasPmtECKK1WChg9j/wB8U5zYFCRHcS6xmdSNw==}
    peerDependencies:
      '@types/bluebird': '*'
      '@types/node': '*'
      ts-toolbelt: ^9.6.0

  ts-type@3.0.12:
    resolution: {integrity: sha512-TOLYQn3xsZ+w/Nv6CZPWFR9y7YxDqfc/OFjP/qXSBFiKOGYzxERm1YZ0REb/ZBK0TBfXzZ2TfKZgQ1yIpDzJ6A==}
    peerDependencies:
      ts-toolbelt: ^9.6.0

  tslib@2.8.1:
    resolution: {integrity: sha512-oJFu94HQb+KVduSUQL7wnpmqnfmLsOA/nAh6b6EH0wCEoK0/mPeXU6c3wKDV83MkOuHPRHtSXKKU99IBazS/2w==}

  typedarray-dts@1.0.0:
    resolution: {integrity: sha512-Ka0DBegjuV9IPYFT1h0Qqk5U4pccebNIJCGl8C5uU7xtOs+jpJvKGAY4fHGK25hTmXZOEUl9Cnsg5cS6K/b5DA==}

  typescript@6.0.2:
    resolution: {integrity: sha512-bGdAIrZ0wiGDo5l8c++HWtbaNCWTS4UTv7RaTH/ThVIgjkveJt83m74bBHMJkuCbslY8ixgLBVZJIOiQlQTjfQ==}
    engines: {node: '>=14.17'}
    hasBin: true

  undici-types@7.18.2:
    resolution: {integrity: sha512-AsuCzffGHJybSaRrmr5eHr81mwJU3kjw6M+uprWvCXiNeN9SOGwQ3Jn8jb8m3Z6izVgknn1R0FTCEAP2QrLY/w==}

  universalify@2.0.1:
    resolution: {integrity: sha512-gptHNQghINnc/vTGIk0SOFGFNXw7JVrlRUtConJRlvaw6DuX0wO5Jeko9sWrMBhh+PsYAZ7oXAiOnf/UKogyiw==}
    engines: {node: '>= 10.0.0'}

  upath2@3.1.23:
    resolution: {integrity: sha512-HQ7CivlKonWnq7m7VZuZHIDXXUCHOoCoIqgVyCk/z/wsuB/agGwGFhFjGSTArGlvBddiejrW4ChW6SwEMhAURQ==}

  validate-npm-package-name@7.0.2:
    resolution: {integrity: sha512-hVDIBwsRruT73PbK7uP5ebUt+ezEtCmzZz3F59BSr2F6OVFnJ/6h8liuvdLrQ88Xmnk6/+xGGuq+pG9WwTuy3A==}
    engines: {node: ^20.17.0 || >=22.9.0}

  which@2.0.2:
    resolution: {integrity: sha512-BLI3Tl1TW3Pvl70l3yq3Y64i+awpwXqsGBYWkkqMtnbXgrMD+yj7rhW0kuEDxzJaYXGjEW5ogapKNMEKNMjibA==}
    engines: {node: '>= 8'}
    hasBin: true

  yocto-queue@0.1.0:
    resolution: {integrity: sha512-rVksvsnNCdJ/ohGc6xgPwyN8eheCxsiLM8mxuE/t/mOVqJewPuO1miLpTHQiRgTKCLexL4MeAFVagts7HmNZ2Q==}
    engines: {node: '>=10'}

  zod@4.1.8:
    resolution: {integrity: sha512-5R1P+WwQqmmMIEACyzSvo4JXHY5WiAFHRMg+zBZKgKS+Q1viRa0C1hmUKtHltoIFKtIdki3pRxkmpP74jnNYHQ==}

  zod@4.3.6:
    resolution: {integrity: sha512-rftlrkhHZOcjDwkGlnUtZZkvaPHCsDATp4pGpuOOMDaTdDDXF91wuVDJoWoPsKX/3YPQ5fHuF3STjcYyKr+Qhg==}

snapshots:

  '@bluelovers/tsconfig@2.0.2':
    dependencies:
      tslib: 2.8.1

  '@epic-web/invariant@1.0.0': {}

  '@lazy-array/util-unique@1.0.7': {}

  '@lazy-node/semver-simple-parse@4.0.5(ts-toolbelt@9.6.0)':
    dependencies:
      ts-type: 3.0.12(ts-toolbelt@9.6.0)
      tslib: 2.8.1
    transitivePeerDependencies:
      - ts-toolbelt

  '@lazy-node/types-path@1.0.3(ts-toolbelt@9.6.0)':
    dependencies:
      '@types/node': 25.5.0
      ts-type: 3.0.12(ts-toolbelt@9.6.0)
      tslib: 2.8.1
    transitivePeerDependencies:
      - ts-toolbelt

  '@opencode-ai/plugin@1.3.3':
    dependencies:
      '@opencode-ai/sdk': 1.3.3
      zod: 4.1.8

  '@opencode-ai/sdk@1.3.3': {}

  '@oven/bun-darwin-aarch64@1.3.11':
    optional: true

  '@oven/bun-darwin-x64-baseline@1.3.11':
    optional: true

  '@oven/bun-darwin-x64@1.3.11':
    optional: true

  '@oven/bun-linux-aarch64-musl@1.3.11':
    optional: true

  '@oven/bun-linux-aarch64@1.3.11':
    optional: true

  '@oven/bun-linux-x64-baseline@1.3.11':
    optional: true

  '@oven/bun-linux-x64-musl-baseline@1.3.11':
    optional: true

  '@oven/bun-linux-x64-musl@1.3.11':
    optional: true

  '@oven/bun-linux-x64@1.3.11':
    optional: true

  '@oven/bun-windows-aarch64@1.3.11':
    optional: true

  '@oven/bun-windows-x64-baseline@1.3.11':
    optional: true

  '@oven/bun-windows-x64@1.3.11':
    optional: true

  '@ts-type/is-array@1.0.14(ts-toolbelt@9.6.0)':
    dependencies:
      ts-type: 3.0.12(ts-toolbelt@9.6.0)
    transitivePeerDependencies:
      - ts-toolbelt

  '@ts-type/package-dts@3.0.7(ts-toolbelt@9.6.0)':
    dependencies:
      '@types/semver': 7.7.1
      ts-type: 3.0.12(ts-toolbelt@9.6.0)
    transitivePeerDependencies:
      - ts-toolbelt

  '@types/bluebird@3.5.42': {}

  '@types/bun@1.3.11':
    dependencies:
      bun-types: 1.3.11

  '@types/fs-extra@11.0.4':
    dependencies:
      '@types/jsonfile': 6.1.4
      '@types/node': 25.5.0

  '@types/jsonfile@6.1.4':
    dependencies:
      '@types/node': 25.5.0

  '@types/luxon@3.7.1': {}

  '@types/node@25.5.0':
    dependencies:
      undici-types: 7.18.2

  '@types/npm-package-arg@6.1.4': {}

  '@types/semver@7.7.1': {}

  '@yarn-tool/find-root@2.0.21(ts-toolbelt@9.6.0)':
    dependencies:
      '@ts-type/package-dts': 3.0.7(ts-toolbelt@9.6.0)
      err-code: 3.0.1
      find-yarn-workspace-root2: 1.2.53(ts-toolbelt@9.6.0)
      path-is-same: 1.0.29(ts-toolbelt@9.6.0)
      pkg-dir: 5.0.0
      tslib: 2.8.1
      upath2: 3.1.23(ts-toolbelt@9.6.0)
    transitivePeerDependencies:
      - ts-toolbelt

  '@yarn-tool/fnm-detect@1.0.5(ts-toolbelt@9.6.0)':
    dependencies:
      fs-extra: 11.3.4
      sort-object-keys2: 3.0.8
      ts-type: 3.0.12(ts-toolbelt@9.6.0)
      tslib: 2.8.1
      upath2: 3.1.23(ts-toolbelt@9.6.0)
    transitivePeerDependencies:
      - ts-toolbelt

  '@yarn-tool/get-global-dirs@1.0.4':
    dependencies:
      ini: 6.0.0
      tslib: 2.8.1

  '@yarn-tool/get-paths-by-type@2.0.16(ts-toolbelt@9.6.0)':
    dependencies:
      '@yarn-tool/fnm-detect': 1.0.5(ts-toolbelt@9.6.0)
      '@yarn-tool/get-global-dirs': 1.0.4
      tslib: 2.8.1
    transitivePeerDependencies:
      - ts-toolbelt

  '@yarn-tool/npa-to-deps@3.0.5(ts-toolbelt@9.6.0)':
    dependencies:
      '@lazy-node/semver-simple-parse': 4.0.5(ts-toolbelt@9.6.0)
      '@yarn-tool/npm-package-arg-util': 2.0.5(ts-toolbelt@9.6.0)
      tslib: 2.8.1
    transitivePeerDependencies:
      - ts-toolbelt

  '@yarn-tool/npm-package-arg-util@2.0.5(ts-toolbelt@9.6.0)':
    dependencies:
      '@types/npm-package-arg': 6.1.4
      '@yarn-tool/pkg-name-util': 1.0.10
      npm-package-arg: 13.0.2
      ts-type: 3.0.12(ts-toolbelt@9.6.0)
      tslib: 2.8.1
    transitivePeerDependencies:
      - ts-toolbelt

  '@yarn-tool/pkg-name-util@1.0.10':
    dependencies:
      tslib: 2.8.1

  '@yarn-tool/require-resolve@4.0.6(ts-toolbelt@9.6.0)':
    dependencies:
      '@ts-type/package-dts': 3.0.7(ts-toolbelt@9.6.0)
      '@yarn-tool/get-paths-by-type': 2.0.16(ts-toolbelt@9.6.0)
      pkg-dir: 5.0.0
      tslib: 2.8.1
      upath2: 3.1.23(ts-toolbelt@9.6.0)
    transitivePeerDependencies:
      - ts-toolbelt

  '@yarn-tool/ws-find-up-paths@1.0.19(ts-toolbelt@9.6.0)':
    dependencies:
      '@yarn-tool/find-root': 2.0.21(ts-toolbelt@9.6.0)
      find-up-paths: 1.0.20(ts-toolbelt@9.6.0)
      path-parents: 1.0.36(ts-toolbelt@9.6.0)
      tslib: 2.8.1
    transitivePeerDependencies:
      - ts-toolbelt

  ansi-styles@3.2.1:
    dependencies:
      color-convert: 1.9.3

  braces@3.0.3:
    dependencies:
      fill-range: 7.1.1

  bun-types@1.3.11:
    dependencies:
      '@types/node': 25.5.0

  bun@1.3.11:
    optionalDependencies:
      '@oven/bun-darwin-aarch64': 1.3.11
      '@oven/bun-darwin-x64': 1.3.11
      '@oven/bun-darwin-x64-baseline': 1.3.11
      '@oven/bun-linux-aarch64': 1.3.11
      '@oven/bun-linux-aarch64-musl': 1.3.11
      '@oven/bun-linux-x64': 1.3.11
      '@oven/bun-linux-x64-baseline': 1.3.11
      '@oven/bun-linux-x64-musl': 1.3.11
      '@oven/bun-linux-x64-musl-baseline': 1.3.11
      '@oven/bun-windows-aarch64': 1.3.11
      '@oven/bun-windows-x64': 1.3.11
      '@oven/bun-windows-x64-baseline': 1.3.11

  chalk@2.4.2:
    dependencies:
      ansi-styles: 3.2.1
      escape-string-regexp: 1.0.5
      supports-color: 5.5.0

  color-convert@1.9.3:
    dependencies:
      color-name: 1.1.3

  color-name@1.1.3: {}

  cross-env@10.1.0:
    dependencies:
      '@epic-web/invariant': 1.0.0
      cross-spawn: 7.0.6

  cross-spawn@7.0.6:
    dependencies:
      path-key: 3.1.1
      shebang-command: 2.0.0
      which: 2.0.2

  debug-color2@1.3.2(@types/bluebird@3.5.42)(@types/node@25.5.0)(debug@4.4.3)(ts-toolbelt@9.6.0):
    dependencies:
      '@types/luxon': 3.7.1
      chalk: 2.4.2
      debug: 4.4.3
      env-bool: 2.0.1
      luxon: 3.7.2
      ts-type: 2.1.10(@types/bluebird@3.5.42)(@types/node@25.5.0)(ts-toolbelt@9.6.0)
      tslib: 2.8.1
    transitivePeerDependencies:
      - '@types/bluebird'
      - '@types/node'
      - ts-toolbelt

  debug@4.4.3:
    dependencies:
      ms: 2.1.3

  deepmerge-plus@4.0.1(ts-toolbelt@9.6.0):
    dependencies:
      is-mergeable-object: 1.1.1
      ts-type: 3.0.12(ts-toolbelt@9.6.0)
      tslib: 2.8.1
    transitivePeerDependencies:
      - ts-toolbelt

  env-bool@2.0.1: {}

  err-code@3.0.1: {}

  escape-string-regexp@1.0.5: {}

  fill-range@7.1.1:
    dependencies:
      to-regex-range: 5.0.1

  find-up-paths@1.0.20(ts-toolbelt@9.6.0):
    dependencies:
      fs-extra: 11.3.4
      fs-stat: 1.0.29
      path-parents: 1.0.36(ts-toolbelt@9.6.0)
      tslib: 2.8.1
    transitivePeerDependencies:
      - ts-toolbelt

  find-up@5.0.0:
    dependencies:
      locate-path: 6.0.0
      path-exists: 4.0.0

  find-yarn-workspace-root2@1.2.53(ts-toolbelt@9.6.0):
    dependencies:
      micromatch: 4.0.8
      pkg-dir: 5.0.0
      tslib: 2.8.1
      upath2: 3.1.23(ts-toolbelt@9.6.0)
    transitivePeerDependencies:
      - ts-toolbelt

  fs-extra@11.3.4:
    dependencies:
      graceful-fs: 4.2.11
      jsonfile: 6.2.0
      universalify: 2.0.1

  fs-stat@1.0.29:
    dependencies:
      tslib: 2.8.1

  graceful-fs@4.2.11: {}

  has-flag@3.0.0: {}

  hosted-git-info@9.0.2:
    dependencies:
      lru-cache: 11.2.7

  ini@6.0.0: {}

  is-mergeable-object@1.1.1: {}

  is-number@7.0.0: {}

  isexe@2.0.0: {}

  jsonc-parser@3.3.1: {}

  jsonfile@6.2.0:
    dependencies:
      universalify: 2.0.1
    optionalDependencies:
      graceful-fs: 4.2.11

  locate-path@6.0.0:
    dependencies:
      p-locate: 5.0.0

  lru-cache@11.2.7: {}

  luxon@3.7.2: {}

  micromatch@4.0.8:
    dependencies:
      braces: 3.0.3
      picomatch: 2.3.1

  ms@2.1.3: {}

  npm-package-arg@13.0.2:
    dependencies:
      hosted-git-info: 9.0.2
      proc-log: 6.1.0
      semver: 7.7.4
      validate-npm-package-name: 7.0.2

  p-limit@3.1.0:
    dependencies:
      yocto-queue: 0.1.0

  p-locate@5.0.0:
    dependencies:
      p-limit: 3.1.0

  path-dir-normalize@1.0.33(ts-toolbelt@9.6.0):
    dependencies:
      path-strip-sep: 1.0.21
      tslib: 2.8.1
      upath2: 3.1.23(ts-toolbelt@9.6.0)
    transitivePeerDependencies:
      - ts-toolbelt

  path-exists@4.0.0: {}

  path-in-dir@1.0.13(ts-toolbelt@9.6.0):
    dependencies:
      path-dir-normalize: 1.0.33(ts-toolbelt@9.6.0)
      tslib: 2.8.1
      upath2: 3.1.23(ts-toolbelt@9.6.0)
    transitivePeerDependencies:
      - ts-toolbelt

  path-is-network-drive@1.0.24:
    dependencies:
      tslib: 2.8.1

  path-is-same@1.0.29(ts-toolbelt@9.6.0):
    dependencies:
      tslib: 2.8.1
      upath2: 3.1.23(ts-toolbelt@9.6.0)
    transitivePeerDependencies:
      - ts-toolbelt

  path-key@3.1.1: {}

  path-parents@1.0.36(ts-toolbelt@9.6.0):
    dependencies:
      path-is-same: 1.0.29(ts-toolbelt@9.6.0)
      tslib: 2.8.1
      upath2: 3.1.23(ts-toolbelt@9.6.0)
    transitivePeerDependencies:
      - ts-toolbelt

  path-strip-sep@1.0.21:
    dependencies:
      tslib: 2.8.1

  picomatch@2.3.1: {}

  pkg-dir@5.0.0:
    dependencies:
      find-up: 5.0.0

  proc-log@6.1.0: {}

  semver@7.7.4: {}

  shebang-command@2.0.0:
    dependencies:
      shebang-regex: 3.0.0

  shebang-regex@3.0.0: {}

  sort-object-keys2@3.0.8:
    dependencies:
      '@lazy-array/util-unique': 1.0.7

  supports-color@5.5.0:
    dependencies:
      has-flag: 3.0.0

  to-regex-range@5.0.1:
    dependencies:
      is-number: 7.0.0

  ts-toolbelt@9.6.0: {}

  ts-type-object-entries@1.0.10: {}

  ts-type-predicates@1.0.13: {}

  ts-type@2.1.10(@types/bluebird@3.5.42)(@types/node@25.5.0)(ts-toolbelt@9.6.0):
    dependencies:
      '@types/bluebird': 3.5.42
      '@types/node': 25.5.0
      ts-toolbelt: 9.6.0
      tslib: 2.8.1
      typedarray-dts: 1.0.0

  ts-type@3.0.12(ts-toolbelt@9.6.0):
    dependencies:
      '@types/node': 25.5.0
      ts-toolbelt: 9.6.0
      tslib: 2.8.1
      typedarray-dts: 1.0.0

  tslib@2.8.1: {}

  typedarray-dts@1.0.0: {}

  typescript@6.0.2: {}

  undici-types@7.18.2: {}

  universalify@2.0.1: {}

  upath2@3.1.23(ts-toolbelt@9.6.0):
    dependencies:
      '@lazy-node/types-path': 1.0.3(ts-toolbelt@9.6.0)
      '@types/node': 25.5.0
      path-is-network-drive: 1.0.24
      path-strip-sep: 1.0.21
      tslib: 2.8.1
    transitivePeerDependencies:
      - ts-toolbelt

  validate-npm-package-name@7.0.2: {}

  which@2.0.2:
    dependencies:
      isexe: 2.0.0

  yocto-queue@0.1.0: {}

  zod@4.1.8: {}

  zod@4.3.6: {}
